// !$*UTF8*$!
{
	archiveVersion = 1;
	classes = {
	};
	objectVersion = 46;
	objects = {

/* Begin PBXBuildFile section */
		B10411471C30ECEE00B416F6 /* CartViewController.swift in Sources */ = {isa = PBXBuildFile; fileRef = B10411461C30ECEE00B416F6 /* CartViewController.swift */; };
		B13FF5E21C26269400D0FDF1 /* SWRevealViewController.m in Sources */ = {isa = PBXBuildFile; fileRef = B13FF5E11C26269400D0FDF1 /* SWRevealViewController.m */; };
		B13FF5E71C26305C00D0FDF1 /* btn-toggle-menu.png in Resources */ = {isa = PBXBuildFile; fileRef = B13FF5E61C26305C00D0FDF1 /* btn-toggle-menu.png */; };
		B13FF5EA1C26330400D0FDF1 /* MenuTableViewController.swift in Sources */ = {isa = PBXBuildFile; fileRef = B13FF5E91C26330400D0FDF1 /* MenuTableViewController.swift */; };
		B13FF5EC1C2634B300D0FDF1 /* MenuItems.swift in Sources */ = {isa = PBXBuildFile; fileRef = B13FF5EB1C2634B300D0FDF1 /* MenuItems.swift */; };
		B13FF5EE1C26466C00D0FDF1 /* AccountViewController.swift in Sources */ = {isa = PBXBuildFile; fileRef = B13FF5ED1C26466C00D0FDF1 /* AccountViewController.swift */; };
		B13FF5F01C26472E00D0FDF1 /* CheckInViewController.swift in Sources */ = {isa = PBXBuildFile; fileRef = B13FF5EF1C26472E00D0FDF1 /* CheckInViewController.swift */; };
		B13FF5F21C26474700D0FDF1 /* ContactViewController.swift in Sources */ = {isa = PBXBuildFile; fileRef = B13FF5F11C26474700D0FDF1 /* ContactViewController.swift */; };
		B13FF5F41C2A296F00D0FDF1 /* ProductsViewController.swift in Sources */ = {isa = PBXBuildFile; fileRef = B13FF5F31C2A296F00D0FDF1 /* ProductsViewController.swift */; };
		B13FF5F61C2A2BA200D0FDF1 /* ShopListViewController.swift in Sources */ = {isa = PBXBuildFile; fileRef = B13FF5F51C2A2BA200D0FDF1 /* ShopListViewController.swift */; };
		B13FF5F81C2A3ED700D0FDF1 /* Shopping Cart Loaded-25.png in Resources */ = {isa = PBXBuildFile; fileRef = B13FF5F71C2A3ED700D0FDF1 /* Shopping Cart Loaded-25.png */; };
		B18DCCA01C18BE1D005CFFCE /* AppDelegate.swift in Sources */ = {isa = PBXBuildFile; fileRef = B18DCC9F1C18BE1D005CFFCE /* AppDelegate.swift */; };
		B18DCCA21C18BE1D005CFFCE /* ViewController.swift in Sources */ = {isa = PBXBuildFile; fileRef = B18DCCA11C18BE1D005CFFCE /* ViewController.swift */; };
		B18DCCA51C18BE1D005CFFCE /* Main.storyboard in Resources */ = {isa = PBXBuildFile; fileRef = B18DCCA31C18BE1D005CFFCE /* Main.storyboard */; };
		B18DCCA81C18BE1D005CFFCE /* ShopSmart.xcdatamodeld in Sources */ = {isa = PBXBuildFile; fileRef = B18DCCA61C18BE1D005CFFCE /* ShopSmart.xcdatamodeld */; };
		B18DCCAA1C18BE1D005CFFCE /* Assets.xcassets in Resources */ = {isa = PBXBuildFile; fileRef = B18DCCA91C18BE1D005CFFCE /* Assets.xcassets */; };
		B18DCCAD1C18BE1D005CFFCE /* LaunchScreen.storyboard in Resources */ = {isa = PBXBuildFile; fileRef = B18DCCAB1C18BE1D005CFFCE /* LaunchScreen.storyboard */; };
		B18DCCB81C18BE1D005CFFCE /* ShopSmartTests.swift in Sources */ = {isa = PBXBuildFile; fileRef = B18DCCB71C18BE1D005CFFCE /* ShopSmartTests.swift */; };
		B18DCCC31C18BE1D005CFFCE /* ShopSmartUITests.swift in Sources */ = {isa = PBXBuildFile; fileRef = B18DCCC21C18BE1D005CFFCE /* ShopSmartUITests.swift */; };
		B1A776C31C631E2B008CFA84 /* EstimoteSDK.framework in Frameworks */ = {isa = PBXBuildFile; fileRef = B1A776C21C631E2B008CFA84 /* EstimoteSDK.framework */; };
		B1A776E21C631ED2008CFA84 /* libEstimoteIndoorSDK.a in Frameworks */ = {isa = PBXBuildFile; fileRef = B1A776D61C631ED2008CFA84 /* libEstimoteIndoorSDK.a */; };
		B1A776E31C631ED2008CFA84 /* avatar.png in Resources */ = {isa = PBXBuildFile; fileRef = B1A776D81C631ED2008CFA84 /* avatar.png */; };
		B1A776E41C631ED2008CFA84 /* avatar@2x.png in Resources */ = {isa = PBXBuildFile; fileRef = B1A776D91C631ED2008CFA84 /* avatar@2x.png */; };
		B1A776E51C631ED2008CFA84 /* avatar@3x.png in Resources */ = {isa = PBXBuildFile; fileRef = B1A776DA1C631ED2008CFA84 /* avatar@3x.png */; };
		B1A776E61C631ED2008CFA84 /* beacon_grey@2x.png in Resources */ = {isa = PBXBuildFile; fileRef = B1A776DB1C631ED2008CFA84 /* beacon_grey@2x.png */; };
		B1A776E71C631ED2008CFA84 /* beaconBlueberrySmall.png in Resources */ = {isa = PBXBuildFile; fileRef = B1A776DC1C631ED2008CFA84 /* beaconBlueberrySmall.png */; };
		B1A776E81C631ED2008CFA84 /* beaconBlueberrySmall@2x.png in Resources */ = {isa = PBXBuildFile; fileRef = B1A776DD1C631ED2008CFA84 /* beaconBlueberrySmall@2x.png */; };
		B1A776E91C631ED2008CFA84 /* beaconIcySmall.png in Resources */ = {isa = PBXBuildFile; fileRef = B1A776DE1C631ED2008CFA84 /* beaconIcySmall.png */; };
		B1A776EA1C631ED2008CFA84 /* beaconIcySmall@2x.png in Resources */ = {isa = PBXBuildFile; fileRef = B1A776DF1C631ED2008CFA84 /* beaconIcySmall@2x.png */; };
		B1A776EB1C631ED2008CFA84 /* beaconMintSmall.png in Resources */ = {isa = PBXBuildFile; fileRef = B1A776E01C631ED2008CFA84 /* beaconMintSmall.png */; };
		B1A776EC1C631ED2008CFA84 /* beaconMintSmall@2x.png in Resources */ = {isa = PBXBuildFile; fileRef = B1A776E11C631ED2008CFA84 /* beaconMintSmall@2x.png */; };
/* End PBXBuildFile section */

/* Begin PBXContainerItemProxy section */
		B18DCCB41C18BE1D005CFFCE /* PBXContainerItemProxy */ = {
			isa = PBXContainerItemProxy;
			containerPortal = B18DCC941C18BE1D005CFFCE /* Project object */;
			proxyType = 1;
			remoteGlobalIDString = B18DCC9B1C18BE1D005CFFCE;
			remoteInfo = ShopSmart;
		};
		B18DCCBF1C18BE1D005CFFCE /* PBXContainerItemProxy */ = {
			isa = PBXContainerItemProxy;
			containerPortal = B18DCC941C18BE1D005CFFCE /* Project object */;
			proxyType = 1;
			remoteGlobalIDString = B18DCC9B1C18BE1D005CFFCE;
			remoteInfo = ShopSmart;
		};
/* End PBXContainerItemProxy section */

/* Begin PBXFileReference section */
		B10411461C30ECEE00B416F6 /* CartViewController.swift */ = {isa = PBXFileReference; fileEncoding = 4; lastKnownFileType = sourcecode.swift; path = CartViewController.swift; sourceTree = "<group>"; };
		B13FF5DF1C26269400D0FDF1 /* ShopSmart-Bridging-Header.h */ = {isa = PBXFileReference; lastKnownFileType = sourcecode.c.h; path = "ShopSmart-Bridging-Header.h"; sourceTree = "<group>"; };
		B13FF5E01C26269400D0FDF1 /* SWRevealViewController.h */ = {isa = PBXFileReference; fileEncoding = 4; lastKnownFileType = sourcecode.c.h; path = SWRevealViewController.h; sourceTree = "<group>"; };
		B13FF5E11C26269400D0FDF1 /* SWRevealViewController.m */ = {isa = PBXFileReference; fileEncoding = 4; lastKnownFileType = sourcecode.c.objc; path = SWRevealViewController.m; sourceTree = "<group>"; };
		B13FF5E61C26305C00D0FDF1 /* btn-toggle-menu.png */ = {isa = PBXFileReference; lastKnownFileType = image.png; name = "btn-toggle-menu.png"; path = "ShopSmart/btn-toggle-menu.png"; sourceTree = SOURCE_ROOT; };
		B13FF5E91C26330400D0FDF1 /* MenuTableViewController.swift */ = {isa = PBXFileReference; fileEncoding = 4; lastKnownFileType = sourcecode.swift; path = MenuTableViewController.swift; sourceTree = "<group>"; };
		B13FF5EB1C2634B300D0FDF1 /* MenuItems.swift */ = {isa = PBXFileReference; fileEncoding = 4; lastKnownFileType = sourcecode.swift; name = MenuItems.swift; path = ../MenuItems.swift; sourceTree = "<group>"; };
		B13FF5ED1C26466C00D0FDF1 /* AccountViewController.swift */ = {isa = PBXFileReference; fileEncoding = 4; lastKnownFileType = sourcecode.swift; path = AccountViewController.swift; sourceTree = "<group>"; };
		B13FF5EF1C26472E00D0FDF1 /* CheckInViewController.swift */ = {isa = PBXFileReference; fileEncoding = 4; lastKnownFileType = sourcecode.swift; name = CheckInViewController.swift; path = ../CheckInViewController.swift; sourceTree = "<group>"; };
		B13FF5F11C26474700D0FDF1 /* ContactViewController.swift */ = {isa = PBXFileReference; fileEncoding = 4; lastKnownFileType = sourcecode.swift; path = ContactViewController.swift; sourceTree = "<group>"; };
		B13FF5F31C2A296F00D0FDF1 /* ProductsViewController.swift */ = {isa = PBXFileReference; fileEncoding = 4; lastKnownFileType = sourcecode.swift; path = ProductsViewController.swift; sourceTree = "<group>"; };
		B13FF5F51C2A2BA200D0FDF1 /* ShopListViewController.swift */ = {isa = PBXFileReference; fileEncoding = 4; lastKnownFileType = sourcecode.swift; path = ShopListViewController.swift; sourceTree = "<group>"; };
		B13FF5F71C2A3ED700D0FDF1 /* Shopping Cart Loaded-25.png */ = {isa = PBXFileReference; lastKnownFileType = image.png; path = "Shopping Cart Loaded-25.png"; sourceTree = "<group>"; };
		B18DCC9C1C18BE1D005CFFCE /* ShopSmart.app */ = {isa = PBXFileReference; explicitFileType = wrapper.application; includeInIndex = 0; path = ShopSmart.app; sourceTree = BUILT_PRODUCTS_DIR; };
		B18DCC9F1C18BE1D005CFFCE /* AppDelegate.swift */ = {isa = PBXFileReference; lastKnownFileType = sourcecode.swift; path = AppDelegate.swift; sourceTree = "<group>"; };
		B18DCCA11C18BE1D005CFFCE /* ViewController.swift */ = {isa = PBXFileReference; lastKnownFileType = sourcecode.swift; path = ViewController.swift; sourceTree = "<group>"; };
		B18DCCA41C18BE1D005CFFCE /* Base */ = {isa = PBXFileReference; lastKnownFileType = file.storyboard; name = Base; path = Base.lproj/Main.storyboard; sourceTree = "<group>"; };
		B18DCCA71C18BE1D005CFFCE /* ShopSmart.xcdatamodel */ = {isa = PBXFileReference; lastKnownFileType = wrapper.xcdatamodel; path = ShopSmart.xcdatamodel; sourceTree = "<group>"; };
		B18DCCA91C18BE1D005CFFCE /* Assets.xcassets */ = {isa = PBXFileReference; lastKnownFileType = folder.assetcatalog; path = Assets.xcassets; sourceTree = "<group>"; };
		B18DCCAC1C18BE1D005CFFCE /* Base */ = {isa = PBXFileReference; lastKnownFileType = file.storyboard; name = Base; path = Base.lproj/LaunchScreen.storyboard; sourceTree = "<group>"; };
		B18DCCAE1C18BE1D005CFFCE /* Info.plist */ = {isa = PBXFileReference; lastKnownFileType = text.plist.xml; path = Info.plist; sourceTree = "<group>"; };
		B18DCCB31C18BE1D005CFFCE /* ShopSmartTests.xctest */ = {isa = PBXFileReference; explicitFileType = wrapper.cfbundle; includeInIndex = 0; path = ShopSmartTests.xctest; sourceTree = BUILT_PRODUCTS_DIR; };
		B18DCCB71C18BE1D005CFFCE /* ShopSmartTests.swift */ = {isa = PBXFileReference; lastKnownFileType = sourcecode.swift; path = ShopSmartTests.swift; sourceTree = "<group>"; };
		B18DCCB91C18BE1D005CFFCE /* Info.plist */ = {isa = PBXFileReference; lastKnownFileType = text.plist.xml; path = Info.plist; sourceTree = "<group>"; };
		B18DCCBE1C18BE1D005CFFCE /* ShopSmartUITests.xctest */ = {isa = PBXFileReference; explicitFileType = wrapper.cfbundle; includeInIndex = 0; path = ShopSmartUITests.xctest; sourceTree = BUILT_PRODUCTS_DIR; };
		B18DCCC21C18BE1D005CFFCE /* ShopSmartUITests.swift */ = {isa = PBXFileReference; lastKnownFileType = sourcecode.swift; path = ShopSmartUITests.swift; sourceTree = "<group>"; };
		B18DCCC41C18BE1D005CFFCE /* Info.plist */ = {isa = PBXFileReference; lastKnownFileType = text.plist.xml; path = Info.plist; sourceTree = "<group>"; };
		B1A776C21C631E2B008CFA84 /* EstimoteSDK.framework */ = {isa = PBXFileReference; lastKnownFileType = wrapper.framework; path = EstimoteSDK.framework; sourceTree = "<group>"; };
		B1A776C61C631ED2008CFA84 /* EILIndoorLocationManager.h */ = {isa = PBXFileReference; fileEncoding = 4; lastKnownFileType = sourcecode.c.h; path = EILIndoorLocationManager.h; sourceTree = "<group>"; };
		B1A776C71C631ED2008CFA84 /* EILIndoorLocationView.h */ = {isa = PBXFileReference; fileEncoding = 4; lastKnownFileType = sourcecode.c.h; path = EILIndoorLocationView.h; sourceTree = "<group>"; };
		B1A776C81C631ED2008CFA84 /* EILIndoorSDK.h */ = {isa = PBXFileReference; fileEncoding = 4; lastKnownFileType = sourcecode.c.h; path = EILIndoorSDK.h; sourceTree = "<group>"; };
		B1A776C91C631ED2008CFA84 /* EILLocation.h */ = {isa = PBXFileReference; fileEncoding = 4; lastKnownFileType = sourcecode.c.h; path = EILLocation.h; sourceTree = "<group>"; };
		B1A776CA1C631ED2008CFA84 /* EILLocationBuilder.h */ = {isa = PBXFileReference; fileEncoding = 4; lastKnownFileType = sourcecode.c.h; path = EILLocationBuilder.h; sourceTree = "<group>"; };
		B1A776CB1C631ED2008CFA84 /* EILLocationLinearObject.h */ = {isa = PBXFileReference; fileEncoding = 4; lastKnownFileType = sourcecode.c.h; path = EILLocationLinearObject.h; sourceTree = "<group>"; };
		B1A776CC1C631ED2008CFA84 /* EILOrientedLineSegment.h */ = {isa = PBXFileReference; fileEncoding = 4; lastKnownFileType = sourcecode.c.h; path = EILOrientedLineSegment.h; sourceTree = "<group>"; };
		B1A776CD1C631ED2008CFA84 /* EILOrientedPoint.h */ = {isa = PBXFileReference; fileEncoding = 4; lastKnownFileType = sourcecode.c.h; path = EILOrientedPoint.h; sourceTree = "<group>"; };
		B1A776CE1C631ED2008CFA84 /* EILPoint.h */ = {isa = PBXFileReference; fileEncoding = 4; lastKnownFileType = sourcecode.c.h; path = EILPoint.h; sourceTree = "<group>"; };
		B1A776CF1C631ED2008CFA84 /* EILPositionedBeacon.h */ = {isa = PBXFileReference; fileEncoding = 4; lastKnownFileType = sourcecode.c.h; path = EILPositionedBeacon.h; sourceTree = "<group>"; };
		B1A776D01C631ED2008CFA84 /* EILPositionView.h */ = {isa = PBXFileReference; fileEncoding = 4; lastKnownFileType = sourcecode.c.h; path = EILPositionView.h; sourceTree = "<group>"; };
		B1A776D11C631ED2008CFA84 /* EILRequestAddLocation.h */ = {isa = PBXFileReference; fileEncoding = 4; lastKnownFileType = sourcecode.c.h; path = EILRequestAddLocation.h; sourceTree = "<group>"; };
		B1A776D21C631ED2008CFA84 /* EILRequestFetchLocation.h */ = {isa = PBXFileReference; fileEncoding = 4; lastKnownFileType = sourcecode.c.h; path = EILRequestFetchLocation.h; sourceTree = "<group>"; };
		B1A776D31C631ED2008CFA84 /* EILRequestFetchLocations.h */ = {isa = PBXFileReference; fileEncoding = 4; lastKnownFileType = sourcecode.c.h; path = EILRequestFetchLocations.h; sourceTree = "<group>"; };
		B1A776D41C631ED2008CFA84 /* EILRequestFetchPublicLocations.h */ = {isa = PBXFileReference; fileEncoding = 4; lastKnownFileType = sourcecode.c.h; path = EILRequestFetchPublicLocations.h; sourceTree = "<group>"; };
		B1A776D51C631ED2008CFA84 /* EILRequestRemoveLocation.h */ = {isa = PBXFileReference; fileEncoding = 4; lastKnownFileType = sourcecode.c.h; path = EILRequestRemoveLocation.h; sourceTree = "<group>"; };
		B1A776D61C631ED2008CFA84 /* libEstimoteIndoorSDK.a */ = {isa = PBXFileReference; lastKnownFileType = archive.ar; path = libEstimoteIndoorSDK.a; sourceTree = "<group>"; };
		B1A776D81C631ED2008CFA84 /* avatar.png */ = {isa = PBXFileReference; lastKnownFileType = image.png; path = avatar.png; sourceTree = "<group>"; };
		B1A776D91C631ED2008CFA84 /* avatar@2x.png */ = {isa = PBXFileReference; lastKnownFileType = image.png; path = "avatar@2x.png"; sourceTree = "<group>"; };
		B1A776DA1C631ED2008CFA84 /* avatar@3x.png */ = {isa = PBXFileReference; lastKnownFileType = image.png; path = "avatar@3x.png"; sourceTree = "<group>"; };
		B1A776DB1C631ED2008CFA84 /* beacon_grey@2x.png */ = {isa = PBXFileReference; lastKnownFileType = image.png; path = "beacon_grey@2x.png"; sourceTree = "<group>"; };
		B1A776DC1C631ED2008CFA84 /* beaconBlueberrySmall.png */ = {isa = PBXFileReference; lastKnownFileType = image.png; path = beaconBlueberrySmall.png; sourceTree = "<group>"; };
		B1A776DD1C631ED2008CFA84 /* beaconBlueberrySmall@2x.png */ = {isa = PBXFileReference; lastKnownFileType = image.png; path = "beaconBlueberrySmall@2x.png"; sourceTree = "<group>"; };
		B1A776DE1C631ED2008CFA84 /* beaconIcySmall.png */ = {isa = PBXFileReference; lastKnownFileType = image.png; path = beaconIcySmall.png; sourceTree = "<group>"; };
		B1A776DF1C631ED2008CFA84 /* beaconIcySmall@2x.png */ = {isa = PBXFileReference; lastKnownFileType = image.png; path = "beaconIcySmall@2x.png"; sourceTree = "<group>"; };
		B1A776E01C631ED2008CFA84 /* beaconMintSmall.png */ = {isa = PBXFileReference; lastKnownFileType = image.png; path = beaconMintSmall.png; sourceTree = "<group>"; };
		B1A776E11C631ED2008CFA84 /* beaconMintSmall@2x.png */ = {isa = PBXFileReference; lastKnownFileType = image.png; path = "beaconMintSmall@2x.png"; sourceTree = "<group>"; };
/* End PBXFileReference section */

/* Begin PBXFrameworksBuildPhase section */
		B18DCC991C18BE1D005CFFCE /* Frameworks */ = {
			isa = PBXFrameworksBuildPhase;
			buildActionMask = 2147483647;
			files = (
				B1A776C31C631E2B008CFA84 /* EstimoteSDK.framework in Frameworks */,
				B1A776E21C631ED2008CFA84 /* libEstimoteIndoorSDK.a in Frameworks */,
			);
			runOnlyForDeploymentPostprocessing = 0;
		};
		B18DCCB01C18BE1D005CFFCE /* Frameworks */ = {
			isa = PBXFrameworksBuildPhase;
			buildActionMask = 2147483647;
			files = (
			);
			runOnlyForDeploymentPostprocessing = 0;
		};
		B18DCCBB1C18BE1D005CFFCE /* Frameworks */ = {
			isa = PBXFrameworksBuildPhase;
			buildActionMask = 2147483647;
			files = (
			);
			runOnlyForDeploymentPostprocessing = 0;
		};
/* End PBXFrameworksBuildPhase section */

/* Begin PBXGroup section */
		B13FF5E31C2626B200D0FDF1 /* Supporting Files */ = {
			isa = PBXGroup;
			children = (
				B1A776C41C631ED2008CFA84 /* EstimoteIndoorLocationSDK */,
				B1A776C11C631E2B008CFA84 /* EstimoteSDK */,
				B13FF5E11C26269400D0FDF1 /* SWRevealViewController.m */,
				B13FF5DF1C26269400D0FDF1 /* ShopSmart-Bridging-Header.h */,
				B13FF5E01C26269400D0FDF1 /* SWRevealViewController.h */,
				B18DCCAE1C18BE1D005CFFCE /* Info.plist */,
			);
			name = "Supporting Files";
			sourceTree = "<group>";
		};
		B13FF5E81C26306D00D0FDF1 /* Images */ = {
			isa = PBXGroup;
			children = (
				B13FF5F71C2A3ED700D0FDF1 /* Shopping Cart Loaded-25.png */,
				B13FF5E61C26305C00D0FDF1 /* btn-toggle-menu.png */,
			);
			name = Images;
			sourceTree = "<group>";
		};
		B18DCC931C18BE1D005CFFCE = {
			isa = PBXGroup;
			children = (
				B18DCC9E1C18BE1D005CFFCE /* ShopSmart */,
				B18DCCB61C18BE1D005CFFCE /* ShopSmartTests */,
				B18DCCC11C18BE1D005CFFCE /* ShopSmartUITests */,
				B18DCC9D1C18BE1D005CFFCE /* Products */,
			);
			sourceTree = "<group>";
		};
		B18DCC9D1C18BE1D005CFFCE /* Products */ = {
			isa = PBXGroup;
			children = (
				B18DCC9C1C18BE1D005CFFCE /* ShopSmart.app */,
				B18DCCB31C18BE1D005CFFCE /* ShopSmartTests.xctest */,
				B18DCCBE1C18BE1D005CFFCE /* ShopSmartUITests.xctest */,
			);
			name = Products;
			sourceTree = "<group>";
		};
		B18DCC9E1C18BE1D005CFFCE /* ShopSmart */ = {
			isa = PBXGroup;
			children = (
				B18DCC9F1C18BE1D005CFFCE /* AppDelegate.swift */,
				B13FF5EB1C2634B300D0FDF1 /* MenuItems.swift */,
				B13FF5F11C26474700D0FDF1 /* ContactViewController.swift */,
				B13FF5EF1C26472E00D0FDF1 /* CheckInViewController.swift */,
				B18DCCA11C18BE1D005CFFCE /* ViewController.swift */,
				B13FF5E91C26330400D0FDF1 /* MenuTableViewController.swift */,
				B13FF5F31C2A296F00D0FDF1 /* ProductsViewController.swift */,
				B10411461C30ECEE00B416F6 /* CartViewController.swift */,
				B13FF5ED1C26466C00D0FDF1 /* AccountViewController.swift */,
				B13FF5F51C2A2BA200D0FDF1 /* ShopListViewController.swift */,
				B13FF5E81C26306D00D0FDF1 /* Images */,
				B18DCCA31C18BE1D005CFFCE /* Main.storyboard */,
				B18DCCA91C18BE1D005CFFCE /* Assets.xcassets */,
				B18DCCAB1C18BE1D005CFFCE /* LaunchScreen.storyboard */,
				B13FF5E31C2626B200D0FDF1 /* Supporting Files */,
				B18DCCA61C18BE1D005CFFCE /* ShopSmart.xcdatamodeld */,
			);
			path = ShopSmart;
			sourceTree = "<group>";
		};
		B18DCCB61C18BE1D005CFFCE /* ShopSmartTests */ = {
			isa = PBXGroup;
			children = (
				B18DCCB71C18BE1D005CFFCE /* ShopSmartTests.swift */,
				B18DCCB91C18BE1D005CFFCE /* Info.plist */,
			);
			path = ShopSmartTests;
			sourceTree = "<group>";
		};
		B18DCCC11C18BE1D005CFFCE /* ShopSmartUITests */ = {
			isa = PBXGroup;
			children = (
				B18DCCC21C18BE1D005CFFCE /* ShopSmartUITests.swift */,
				B18DCCC41C18BE1D005CFFCE /* Info.plist */,
			);
			path = ShopSmartUITests;
			sourceTree = "<group>";
		};
		B1A776C11C631E2B008CFA84 /* EstimoteSDK */ = {
			isa = PBXGroup;
			children = (
				B1A776C21C631E2B008CFA84 /* EstimoteSDK.framework */,
			);
			path = EstimoteSDK;
			sourceTree = "<group>";
		};
		B1A776C41C631ED2008CFA84 /* EstimoteIndoorLocationSDK */ = {
			isa = PBXGroup;
			children = (
				B1A776C51C631ED2008CFA84 /* Headers */,
				B1A776D61C631ED2008CFA84 /* libEstimoteIndoorSDK.a */,
				B1A776D71C631ED2008CFA84 /* Resources */,
			);
			path = EstimoteIndoorLocationSDK;
			sourceTree = "<group>";
		};
		B1A776C51C631ED2008CFA84 /* Headers */ = {
			isa = PBXGroup;
			children = (
				B1A776C61C631ED2008CFA84 /* EILIndoorLocationManager.h */,
				B1A776C71C631ED2008CFA84 /* EILIndoorLocationView.h */,
				B1A776C81C631ED2008CFA84 /* EILIndoorSDK.h */,
				B1A776C91C631ED2008CFA84 /* EILLocation.h */,
				B1A776CA1C631ED2008CFA84 /* EILLocationBuilder.h */,
				B1A776CB1C631ED2008CFA84 /* EILLocationLinearObject.h */,
				B1A776CC1C631ED2008CFA84 /* EILOrientedLineSegment.h */,
				B1A776CD1C631ED2008CFA84 /* EILOrientedPoint.h */,
				B1A776CE1C631ED2008CFA84 /* EILPoint.h */,
				B1A776CF1C631ED2008CFA84 /* EILPositionedBeacon.h */,
				B1A776D01C631ED2008CFA84 /* EILPositionView.h */,
				B1A776D11C631ED2008CFA84 /* EILRequestAddLocation.h */,
				B1A776D21C631ED2008CFA84 /* EILRequestFetchLocation.h */,
				B1A776D31C631ED2008CFA84 /* EILRequestFetchLocations.h */,
				B1A776D41C631ED2008CFA84 /* EILRequestFetchPublicLocations.h */,
				B1A776D51C631ED2008CFA84 /* EILRequestRemoveLocation.h */,
			);
			path = Headers;
			sourceTree = "<group>";
		};
		B1A776D71C631ED2008CFA84 /* Resources */ = {
			isa = PBXGroup;
			children = (
				B1A776D81C631ED2008CFA84 /* avatar.png */,
				B1A776D91C631ED2008CFA84 /* avatar@2x.png */,
				B1A776DA1C631ED2008CFA84 /* avatar@3x.png */,
				B1A776DB1C631ED2008CFA84 /* beacon_grey@2x.png */,
				B1A776DC1C631ED2008CFA84 /* beaconBlueberrySmall.png */,
				B1A776DD1C631ED2008CFA84 /* beaconBlueberrySmall@2x.png */,
				B1A776DE1C631ED2008CFA84 /* beaconIcySmall.png */,
				B1A776DF1C631ED2008CFA84 /* beaconIcySmall@2x.png */,
				B1A776E01C631ED2008CFA84 /* beaconMintSmall.png */,
				B1A776E11C631ED2008CFA84 /* beaconMintSmall@2x.png */,
			);
			path = Resources;
			sourceTree = "<group>";
		};
/* End PBXGroup section */

/* Begin PBXNativeTarget section */
		B18DCC9B1C18BE1D005CFFCE /* ShopSmart */ = {
			isa = PBXNativeTarget;
			buildConfigurationList = B18DCCC71C18BE1D005CFFCE /* Build configuration list for PBXNativeTarget "ShopSmart" */;
			buildPhases = (
				B18DCC981C18BE1D005CFFCE /* Sources */,
				B18DCC991C18BE1D005CFFCE /* Frameworks */,
				B18DCC9A1C18BE1D005CFFCE /* Resources */,
			);
			buildRules = (
			);
			dependencies = (
			);
			name = ShopSmart;
			productName = ShopSmart;
			productReference = B18DCC9C1C18BE1D005CFFCE /* ShopSmart.app */;
			productType = "com.apple.product-type.application";
		};
		B18DCCB21C18BE1D005CFFCE /* ShopSmartTests */ = {
			isa = PBXNativeTarget;
			buildConfigurationList = B18DCCCA1C18BE1D005CFFCE /* Build configuration list for PBXNativeTarget "ShopSmartTests" */;
			buildPhases = (
				B18DCCAF1C18BE1D005CFFCE /* Sources */,
				B18DCCB01C18BE1D005CFFCE /* Frameworks */,
				B18DCCB11C18BE1D005CFFCE /* Resources */,
			);
			buildRules = (
			);
			dependencies = (
				B18DCCB51C18BE1D005CFFCE /* PBXTargetDependency */,
			);
			name = ShopSmartTests;
			productName = ShopSmartTests;
			productReference = B18DCCB31C18BE1D005CFFCE /* ShopSmartTests.xctest */;
			productType = "com.apple.product-type.bundle.unit-test";
		};
		B18DCCBD1C18BE1D005CFFCE /* ShopSmartUITests */ = {
			isa = PBXNativeTarget;
			buildConfigurationList = B18DCCCD1C18BE1D005CFFCE /* Build configuration list for PBXNativeTarget "ShopSmartUITests" */;
			buildPhases = (
				B18DCCBA1C18BE1D005CFFCE /* Sources */,
				B18DCCBB1C18BE1D005CFFCE /* Frameworks */,
				B18DCCBC1C18BE1D005CFFCE /* Resources */,
			);
			buildRules = (
			);
			dependencies = (
				B18DCCC01C18BE1D005CFFCE /* PBXTargetDependency */,
			);
			name = ShopSmartUITests;
			productName = ShopSmartUITests;
			productReference = B18DCCBE1C18BE1D005CFFCE /* ShopSmartUITests.xctest */;
			productType = "com.apple.product-type.bundle.ui-testing";
		};
/* End PBXNativeTarget section */

/* Begin PBXProject section */
		B18DCC941C18BE1D005CFFCE /* Project object */ = {
			isa = PBXProject;
			attributes = {
				LastSwiftUpdateCheck = 0710;
				LastUpgradeCheck = 0710;
				ORGANIZATIONNAME = "Mansi Modi";
				TargetAttributes = {
					B18DCC9B1C18BE1D005CFFCE = {
						CreatedOnToolsVersion = 7.1.1;
					};
					B18DCCB21C18BE1D005CFFCE = {
						CreatedOnToolsVersion = 7.1.1;
						TestTargetID = B18DCC9B1C18BE1D005CFFCE;
					};
					B18DCCBD1C18BE1D005CFFCE = {
						CreatedOnToolsVersion = 7.1.1;
						TestTargetID = B18DCC9B1C18BE1D005CFFCE;
					};
				};
			};
			buildConfigurationList = B18DCC971C18BE1D005CFFCE /* Build configuration list for PBXProject "ShopSmart" */;
			compatibilityVersion = "Xcode 3.2";
			developmentRegion = English;
			hasScannedForEncodings = 0;
			knownRegions = (
				en,
				Base,
			);
			mainGroup = B18DCC931C18BE1D005CFFCE;
			productRefGroup = B18DCC9D1C18BE1D005CFFCE /* Products */;
			projectDirPath = "";
			projectRoot = "";
			targets = (
				B18DCC9B1C18BE1D005CFFCE /* ShopSmart */,
				B18DCCB21C18BE1D005CFFCE /* ShopSmartTests */,
				B18DCCBD1C18BE1D005CFFCE /* ShopSmartUITests */,
			);
		};
/* End PBXProject section */

/* Begin PBXResourcesBuildPhase section */
		B18DCC9A1C18BE1D005CFFCE /* Resources */ = {
			isa = PBXResourcesBuildPhase;
			buildActionMask = 2147483647;
			files = (
				B1A776E81C631ED2008CFA84 /* beaconBlueberrySmall@2x.png in Resources */,
				B1A776E31C631ED2008CFA84 /* avatar.png in Resources */,
				B1A776E61C631ED2008CFA84 /* beacon_grey@2x.png in Resources */,
				B1A776E91C631ED2008CFA84 /* beaconIcySmall.png in Resources */,
				B18DCCAD1C18BE1D005CFFCE /* LaunchScreen.storyboard in Resources */,
				B1A776EB1C631ED2008CFA84 /* beaconMintSmall.png in Resources */,
				B1A776EC1C631ED2008CFA84 /* beaconMintSmall@2x.png in Resources */,
				B1A776E51C631ED2008CFA84 /* avatar@3x.png in Resources */,
				B13FF5E71C26305C00D0FDF1 /* btn-toggle-menu.png in Resources */,
				B18DCCAA1C18BE1D005CFFCE /* Assets.xcassets in Resources */,
				B1A776E41C631ED2008CFA84 /* avatar@2x.png in Resources */,
				B18DCCA51C18BE1D005CFFCE /* Main.storyboard in Resources */,
				B1A776EA1C631ED2008CFA84 /* beaconIcySmall@2x.png in Resources */,
				B1A776E71C631ED2008CFA84 /* beaconBlueberrySmall.png in Resources */,
				B13FF5F81C2A3ED700D0FDF1 /* Shopping Cart Loaded-25.png in Resources */,
			);
			runOnlyForDeploymentPostprocessing = 0;
		};
		B18DCCB11C18BE1D005CFFCE /* Resources */ = {
			isa = PBXResourcesBuildPhase;
			buildActionMask = 2147483647;
			files = (
			);
			runOnlyForDeploymentPostprocessing = 0;
		};
		B18DCCBC1C18BE1D005CFFCE /* Resources */ = {
			isa = PBXResourcesBuildPhase;
			buildActionMask = 2147483647;
			files = (
			);
			runOnlyForDeploymentPostprocessing = 0;
		};
/* End PBXResourcesBuildPhase section */

/* Begin PBXSourcesBuildPhase section */
		B18DCC981C18BE1D005CFFCE /* Sources */ = {
			isa = PBXSourcesBuildPhase;
			buildActionMask = 2147483647;
			files = (
				B18DCCA21C18BE1D005CFFCE /* ViewController.swift in Sources */,
				B18DCCA81C18BE1D005CFFCE /* ShopSmart.xcdatamodeld in Sources */,
				B13FF5F01C26472E00D0FDF1 /* CheckInViewController.swift in Sources */,
				B13FF5EE1C26466C00D0FDF1 /* AccountViewController.swift in Sources */,
				B10411471C30ECEE00B416F6 /* CartViewController.swift in Sources */,
				B13FF5F41C2A296F00D0FDF1 /* ProductsViewController.swift in Sources */,
				B13FF5EA1C26330400D0FDF1 /* MenuTableViewController.swift in Sources */,
				B13FF5F21C26474700D0FDF1 /* ContactViewController.swift in Sources */,
				B18DCCA01C18BE1D005CFFCE /* AppDelegate.swift in Sources */,
				B13FF5F61C2A2BA200D0FDF1 /* ShopListViewController.swift in Sources */,
				B13FF5E21C26269400D0FDF1 /* SWRevealViewController.m in Sources */,
				B13FF5EC1C2634B300D0FDF1 /* MenuItems.swift in Sources */,
			);
			runOnlyForDeploymentPostprocessing = 0;
		};
		B18DCCAF1C18BE1D005CFFCE /* Sources */ = {
			isa = PBXSourcesBuildPhase;
			buildActionMask = 2147483647;
			files = (
				B18DCCB81C18BE1D005CFFCE /* ShopSmartTests.swift in Sources */,
			);
			runOnlyForDeploymentPostprocessing = 0;
		};
		B18DCCBA1C18BE1D005CFFCE /* Sources */ = {
			isa = PBXSourcesBuildPhase;
			buildActionMask = 2147483647;
			files = (
				B18DCCC31C18BE1D005CFFCE /* ShopSmartUITests.swift in Sources */,
			);
			runOnlyForDeploymentPostprocessing = 0;
		};
/* End PBXSourcesBuildPhase section */

/* Begin PBXTargetDependency section */
		B18DCCB51C18BE1D005CFFCE /* PBXTargetDependency */ = {
			isa = PBXTargetDependency;
			target = B18DCC9B1C18BE1D005CFFCE /* ShopSmart */;
			targetProxy = B18DCCB41C18BE1D005CFFCE /* PBXContainerItemProxy */;
		};
		B18DCCC01C18BE1D005CFFCE /* PBXTargetDependency */ = {
			isa = PBXTargetDependency;
			target = B18DCC9B1C18BE1D005CFFCE /* ShopSmart */;
			targetProxy = B18DCCBF1C18BE1D005CFFCE /* PBXContainerItemProxy */;
		};
/* End PBXTargetDependency section */

/* Begin PBXVariantGroup section */
		B18DCCA31C18BE1D005CFFCE /* Main.storyboard */ = {
			isa = PBXVariantGroup;
			children = (
				B18DCCA41C18BE1D005CFFCE /* Base */,
			);
			name = Main.storyboard;
			sourceTree = "<group>";
		};
		B18DCCAB1C18BE1D005CFFCE /* LaunchScreen.storyboard */ = {
			isa = PBXVariantGroup;
			children = (
				B18DCCAC1C18BE1D005CFFCE /* Base */,
			);
			name = LaunchScreen.storyboard;
			sourceTree = "<group>";
		};
/* End PBXVariantGroup section */

/* Begin XCBuildConfiguration section */
		B18DCCC51C18BE1D005CFFCE /* Debug */ = {
			isa = XCBuildConfiguration;
			buildSettings = {
				ALWAYS_SEARCH_USER_PATHS = NO;
				CLANG_CXX_LANGUAGE_STANDARD = "gnu++0x";
				CLANG_CXX_LIBRARY = "libc++";
				CLANG_ENABLE_MODULES = YES;
				CLANG_ENABLE_OBJC_ARC = YES;
				CLANG_WARN_BOOL_CONVERSION = YES;
				CLANG_WARN_CONSTANT_CONVERSION = YES;
				CLANG_WARN_DIRECT_OBJC_ISA_USAGE = YES_ERROR;
				CLANG_WARN_EMPTY_BODY = YES;
				CLANG_WARN_ENUM_CONVERSION = YES;
				CLANG_WARN_INT_CONVERSION = YES;
				CLANG_WARN_OBJC_ROOT_CLASS = YES_ERROR;
				CLANG_WARN_UNREACHABLE_CODE = YES;
				CLANG_WARN__DUPLICATE_METHOD_MATCH = YES;
				"CODE_SIGN_IDENTITY[sdk=iphoneos*]" = "iPhone Developer";
				COPY_PHASE_STRIP = NO;
				DEBUG_INFORMATION_FORMAT = dwarf;
				ENABLE_STRICT_OBJC_MSGSEND = YES;
				ENABLE_TESTABILITY = YES;
				GCC_C_LANGUAGE_STANDARD = gnu99;
				GCC_DYNAMIC_NO_PIC = NO;
				GCC_NO_COMMON_BLOCKS = YES;
				GCC_OPTIMIZATION_LEVEL = 0;
				GCC_PREPROCESSOR_DEFINITIONS = (
					"DEBUG=1",
					"$(inherited)",
				);
				GCC_WARN_64_TO_32_BIT_CONVERSION = YES;
				GCC_WARN_ABOUT_RETURN_TYPE = YES_ERROR;
				GCC_WARN_UNDECLARED_SELECTOR = YES;
				GCC_WARN_UNINITIALIZED_AUTOS = YES_AGGRESSIVE;
				GCC_WARN_UNUSED_FUNCTION = YES;
				GCC_WARN_UNUSED_VARIABLE = YES;
				IPHONEOS_DEPLOYMENT_TARGET = 9.1;
				MTL_ENABLE_DEBUG_INFO = YES;
				ONLY_ACTIVE_ARCH = YES;
				SDKROOT = iphoneos;
				SWIFT_OPTIMIZATION_LEVEL = "-Onone";
			};
			name = Debug;
		};
		B18DCCC61C18BE1D005CFFCE /* Release */ = {
			isa = XCBuildConfiguration;
			buildSettings = {
				ALWAYS_SEARCH_USER_PATHS = NO;
				CLANG_CXX_LANGUAGE_STANDARD = "gnu++0x";
				CLANG_CXX_LIBRARY = "libc++";
				CLANG_ENABLE_MODULES = YES;
				CLANG_ENABLE_OBJC_ARC = YES;
				CLANG_WARN_BOOL_CONVERSION = YES;
				CLANG_WARN_CONSTANT_CONVERSION = YES;
				CLANG_WARN_DIRECT_OBJC_ISA_USAGE = YES_ERROR;
				CLANG_WARN_EMPTY_BODY = YES;
				CLANG_WARN_ENUM_CONVERSION = YES;
				CLANG_WARN_INT_CONVERSION = YES;
				CLANG_WARN_OBJC_ROOT_CLASS = YES_ERROR;
				CLANG_WARN_UNREACHABLE_CODE = YES;
				CLANG_WARN__DUPLICATE_METHOD_MATCH = YES;
				"CODE_SIGN_IDENTITY[sdk=iphoneos*]" = "iPhone Developer";
				COPY_PHASE_STRIP = NO;
				DEBUG_INFORMATION_FORMAT = "dwarf-with-dsym";
				ENABLE_NS_ASSERTIONS = NO;
				ENABLE_STRICT_OBJC_MSGSEND = YES;
				GCC_C_LANGUAGE_STANDARD = gnu99;
				GCC_NO_COMMON_BLOCKS = YES;
				GCC_WARN_64_TO_32_BIT_CONVERSION = YES;
				GCC_WARN_ABOUT_RETURN_TYPE = YES_ERROR;
				GCC_WARN_UNDECLARED_SELECTOR = YES;
				GCC_WARN_UNINITIALIZED_AUTOS = YES_AGGRESSIVE;
				GCC_WARN_UNUSED_FUNCTION = YES;
				GCC_WARN_UNUSED_VARIABLE = YES;
				IPHONEOS_DEPLOYMENT_TARGET = 9.1;
				MTL_ENABLE_DEBUG_INFO = NO;
				SDKROOT = iphoneos;
				VALIDATE_PRODUCT = YES;
			};
			name = Release;
		};
		B18DCCC81C18BE1D005CFFCE /* Debug */ = {
			isa = XCBuildConfiguration;
			buildSettings = {
				ASSETCATALOG_COMPILER_APPICON_NAME = AppIcon;
				CLANG_ENABLE_MODULES = YES;
				FRAMEWORK_SEARCH_PATHS = (
					"$(inherited)",
					"$(PROJECT_DIR)/ShopSmart/EstimoteSDK",
				);
				INFOPLIST_FILE = ShopSmart/Info.plist;
				LD_RUNPATH_SEARCH_PATHS = "$(inherited) @executable_path/Frameworks";
				LIBRARY_SEARCH_PATHS = (
					"$(inherited)",
					"$(PROJECT_DIR)/ShopSmart/EstimoteIndoorLocationSDK",
				);
				PRODUCT_BUNDLE_IDENTIFIER = sjsu.edu.ShopSmart;
				PRODUCT_NAME = "$(TARGET_NAME)";
				SWIFT_OBJC_BRIDGING_HEADER = "ShopSmart/ShopSmart-Bridging-Header.h";
				SWIFT_OPTIMIZATION_LEVEL = "-Onone";
			};
			name = Debug;
		};
		B18DCCC91C18BE1D005CFFCE /* Release */ = {
			isa = XCBuildConfiguration;
			buildSettings = {
				ASSETCATALOG_COMPILER_APPICON_NAME = AppIcon;
				CLANG_ENABLE_MODULES = YES;
				FRAMEWORK_SEARCH_PATHS = (
					"$(inherited)",
					"$(PROJECT_DIR)/ShopSmart/EstimoteSDK",
				);
				INFOPLIST_FILE = ShopSmart/Info.plist;
				LD_RUNPATH_SEARCH_PATHS = "$(inherited) @executable_path/Frameworks";
				LIBRARY_SEARCH_PATHS = (
					"$(inherited)",
					"$(PROJECT_DIR)/ShopSmart/EstimoteIndoorLocationSDK",
				);
				PRODUCT_BUNDLE_IDENTIFIER = sjsu.edu.ShopSmart;
				PRODUCT_NAME = "$(TARGET_NAME)";
				SWIFT_OBJC_BRIDGING_HEADER = "ShopSmart/ShopSmart-Bridging-Header.h";
			};
			name = Release;
		};
		B18DCCCB1C18BE1D005CFFCE /* Debug */ = {
			isa = XCBuildConfiguration;
			buildSettings = {
				BUNDLE_LOADER = "$(TEST_HOST)";
				INFOPLIST_FILE = ShopSmartTests/Info.plist;
				LD_RUNPATH_SEARCH_PATHS = "$(inherited) @executable_path/Frameworks @loader_path/Frameworks";
				PRODUCT_BUNDLE_IDENTIFIER = sjsu.edu.ShopSmartTests;
				PRODUCT_NAME = "$(TARGET_NAME)";
				TEST_HOST = "$(BUILT_PRODUCTS_DIR)/ShopSmart.app/ShopSmart";
			};
			name = Debug;
		};
		B18DCCCC1C18BE1D005CFFCE /* Release */ = {
			isa = XCBuildConfiguration;
			buildSettings = {
				BUNDLE_LOADER = "$(TEST_HOST)";
				INFOPLIST_FILE = ShopSmartTests/Info.plist;
				LD_RUNPATH_SEARCH_PATHS = "$(inherited) @executable_path/Frameworks @loader_path/Frameworks";
				PRODUCT_BUNDLE_IDENTIFIER = sjsu.edu.ShopSmartTests;
				PRODUCT_NAME = "$(TARGET_NAME)";
				TEST_HOST = "$(BUILT_PRODUCTS_DIR)/ShopSmart.app/ShopSmart";
			};
			name = Release;
		};
		B18DCCCE1C18BE1D005CFFCE /* Debug */ = {
			isa = XCBuildConfiguration;
			buildSettings = {
				INFOPLIST_FILE = ShopSmartUITests/Info.plist;
				LD_RUNPATH_SEARCH_PATHS = "$(inherited) @executable_path/Frameworks @loader_path/Frameworks";
				PRODUCT_BUNDLE_IDENTIFIER = sjsu.edu.ShopSmartUITests;
				PRODUCT_NAME = "$(TARGET_NAME)";
				TEST_TARGET_NAME = ShopSmart;
				USES_XCTRUNNER = YES;
			};
			name = Debug;
		};
		B18DCCCF1C18BE1D005CFFCE /* Release */ = {
			isa = XCBuildConfiguration;
			buildSettings = {
				INFOPLIST_FILE = ShopSmartUITests/Info.plist;
				LD_RUNPATH_SEARCH_PATHS = "$(inherited) @executable_path/Frameworks @loader_path/Frameworks";
				PRODUCT_BUNDLE_IDENTIFIER = sjsu.edu.ShopSmartUITests;
				PRODUCT_NAME = "$(TARGET_NAME)";
				TEST_TARGET_NAME = ShopSmart;
				USES_XCTRUNNER = YES;
			};
			name = Release;
		};
/* End XCBuildConfiguration section */

/* Begin XCConfigurationList section */
		B18DCC971C18BE1D005CFFCE /* Build configuration list for PBXProject "ShopSmart" */ = {
			isa = XCConfigurationList;
			buildConfigurations = (
				B18DCCC51C18BE1D005CFFCE /* Debug */,
				B18DCCC61C18BE1D005CFFCE /* Release */,
			);
			defaultConfigurationIsVisible = 0;
			defaultConfigurationName = Release;
		};
		B18DCCC71C18BE1D005CFFCE /* Build configuration list for PBXNativeTarget "ShopSmart" */ = {
			isa = XCConfigurationList;
			buildConfigurations = (
				B18DCCC81C18BE1D005CFFCE /* Debug */,
				B18DCCC91C18BE1D005CFFCE /* Release */,
			);
			defaultConfigurationIsVisible = 0;
			defaultConfigurationName = Release;
		};
		B18DCCCA1C18BE1D005CFFCE /* Build configuration list for PBXNativeTarget "ShopSmartTests" */ = {
			isa = XCConfigurationList;
			buildConfigurations = (
				B18DCCCB1C18BE1D005CFFCE /* Debug */,
				B18DCCCC1C18BE1D005CFFCE /* Release */,
			);
			defaultConfigurationIsVisible = 0;
			defaultConfigurationName = Release;
		};
		B18DCCCD1C18BE1D005CFFCE /* Build configuration list for PBXNativeTarget "ShopSmartUITests" */ = {
			isa = XCConfigurationList;
			buildConfigurations = (
				B18DCCCE1C18BE1D005CFFCE /* Debug */,
				B18DCCCF1C18BE1D005CFFCE /* Release */,
			);
			defaultConfigurationIsVisible = 0;
			defaultConfigurationName = Release;
		};
/* End XCConfigurationList section */

/* Begin XCVersionGroup section */
		B18DCCA61C18BE1D005CFFCE /* ShopSmart.xcdatamodeld */ = {
			isa = XCVersionGroup;
			children = (
				B18DCCA71C18BE1D005CFFCE /* ShopSmart.xcdatamodel */,
			);
			currentVersion = B18DCCA71C18BE1D005CFFCE /* ShopSmart.xcdatamodel */;
			path = ShopSmart.xcdatamodeld;
			sourceTree = "<group>";
			versionGroupType = wrapper.xcdatamodel;
		};
/* End XCVersionGroup section */
	};
	rootObject = B18DCC941C18BE1D005CFFCE /* Project object */;
}
